{
  "originHash" : "c1ce3fd70734e10ddbc45e9f0d1f6fdb06294614dd49d919a1b2cb85d594b353",
  "pins" : [
    {
      "identity" : "csqlite",
      "kind" : "remoteSourceControl",
      "location" : "https://github.com/wildthink/CSQLite",
      "state" : {
        "revision" : "278518b3d15c4570d01509fec38d7237a786a5c5",
        "version" : "3.47.2"
      }
    }
  ],
  "version" : 3
}
