{
  "originHash" : "d53a2ce3b10217787db9c1b19bc817990f6b333e1d7d5c69c77cb1705e043f32",
  "pins" : [
    {
      "identity" : "csqlite",
      "kind" : "remoteSourceControl",
      "location" : "https://github.com/sbooth/CSQLite",
      "state" : {
        "revision" : "b1161e6c73fa68c25292f6bb697293d6c679f919",
        "version" : "3.50.4"
      }
    }
  ],
  "version" : 3
}
